

Microsoft Visual Studio Solution File, Format Version 12.00
# Visual Studio Version 16
VisualStudioVersion = 16.0.30114.105
MinimumVisualStudioVersion = 10.0.40219.1
Project("{FAE04EC0-301F-11D3-BF4B-00C04F79EFBC}") = "StarterFile", "00_HelloWorld\StarterFile.csproj", "{585ACF66-23B2-4091-A851-88A18B7D1AED}"
EndProject
Project("{FAE04EC0-301F-11D3-BF4B-00C04F79EFBC}") = "01_Variables", "01_Variables\01_Variables.csproj", "{A0A3B57D-0C4F-49A0-8CFC-4743C5EF2077}"
EndProject
Project("{FAE04EC0-301F-11D3-BF4B-00C04F79EFBC}") = "02_Types", "02_Types\02_Types.csproj", "{889A9D56-6AF1-46F7-9A88-A9D12AE1A591}"
EndProject
Project("{FAE04EC0-301F-11D3-BF4B-00C04F79EFBC}") = "02_TypesChallenges", "02_TypesChallenges\02_TypesChallenges.csproj", "{8094CCB0-9273-418F-B03D-25AB683DA88B}"
EndProject
Project("{FAE04EC0-301F-11D3-BF4B-00C04F79EFBC}") = "03_Opperatorss", "03_Opperatorss\03_Opperatorss.csproj", "{FD020BF1-9C3D-40C0-82D7-E2B920AF7D79}"
EndProject
Project("{FAE04EC0-301F-11D3-BF4B-00C04F79EFBC}") = "04_Strings", "04_Strings\04_Strings.csproj", "{A9766484-7A5C-4B94-83E3-004EEA8DDF2E}"
EndProject
Project("{FAE04EC0-301F-11D3-BF4B-00C04F79EFBC}") = "05_Booleans", "05_Booleans\05_Booleans.csproj", "{16A51D31-024A-4BB1-B22D-03452342670A}"
EndProject
Project("{FAE04EC0-301F-11D3-BF4B-00C04F79EFBC}") = "06_Conditions", "06_Conditiona;s\06_Conditions.csproj", "{CC7634C1-A5F3-4731-9015-D562E9C2227C}"
EndProject
Project("{FAE04EC0-301F-11D3-BF4B-00C04F79EFBC}") = "06_Conditionals_ElseStatements", "06_Conditionals_ElseStatements\06_Conditionals_ElseStatements.csproj", "{5979EBC6-1BEB-4E5A-9C5F-67C2B0BAFE53}"
EndProject
Project("{FAE04EC0-301F-11D3-BF4B-00C04F79EFBC}") = "06_Ternaries", "06_Ternaries\06_Tenaries.csproj", "{1A5A146A-1AAF-4772-95CB-0F83748D33DC}"
EndProject
Project("{FAE04EC0-301F-11D3-BF4B-00C04F79EFBC}") = "06_Switches", "06_Switches\06_Switches.csproj", "{AE67BB29-77FE-42FD-8562-D71E4733A350}"
EndProject
Project("{FAE04EC0-301F-11D3-BF4B-00C04F79EFBC}") = "06_SwitchExpressions", "06_SwitchExpressions\06_SwitchExpressions.csproj", "{08F23C9C-D245-4D3F-9C5B-9287526F846F}"
EndProject
Project("{FAE04EC0-301F-11D3-BF4B-00C04F79EFBC}") = "07_Collections", "07_Collections\07_Collections.csproj", "{5E84975B-627A-4734-A811-24CF9BE82E03}"
EndProject
Global
	GlobalSection(SolutionConfigurationPlatforms) = preSolution
		Debug|Any CPU = Debug|Any CPU
		Release|Any CPU = Release|Any CPU
	EndGlobalSection
	GlobalSection(SolutionProperties) = preSolution
		HideSolutionNode = FALSE
	EndGlobalSection
	GlobalSection(ProjectConfigurationPlatforms) = postSolution
		{585ACF66-23B2-4091-A851-88A18B7D1AED}.Debug|Any CPU.ActiveCfg = Debug|Any CPU
		{585ACF66-23B2-4091-A851-88A18B7D1AED}.Debug|Any CPU.Build.0 = Debug|Any CPU
		{585ACF66-23B2-4091-A851-88A18B7D1AED}.Release|Any CPU.ActiveCfg = Release|Any CPU
		{585ACF66-23B2-4091-A851-88A18B7D1AED}.Release|Any CPU.Build.0 = Release|Any CPU
		{A0A3B57D-0C4F-49A0-8CFC-4743C5EF2077}.Debug|Any CPU.ActiveCfg = Debug|Any CPU
		{A0A3B57D-0C4F-49A0-8CFC-4743C5EF2077}.Debug|Any CPU.Build.0 = Debug|Any CPU
		{A0A3B57D-0C4F-49A0-8CFC-4743C5EF2077}.Release|Any CPU.ActiveCfg = Release|Any CPU
		{A0A3B57D-0C4F-49A0-8CFC-4743C5EF2077}.Release|Any CPU.Build.0 = Release|Any CPU
		{889A9D56-6AF1-46F7-9A88-A9D12AE1A591}.Debug|Any CPU.ActiveCfg = Debug|Any CPU
		{889A9D56-6AF1-46F7-9A88-A9D12AE1A591}.Debug|Any CPU.Build.0 = Debug|Any CPU
		{889A9D56-6AF1-46F7-9A88-A9D12AE1A591}.Release|Any CPU.ActiveCfg = Release|Any CPU
		{889A9D56-6AF1-46F7-9A88-A9D12AE1A591}.Release|Any CPU.Build.0 = Release|Any CPU
		{8094CCB0-9273-418F-B03D-25AB683DA88B}.Debug|Any CPU.ActiveCfg = Debug|Any CPU
		{8094CCB0-9273-418F-B03D-25AB683DA88B}.Debug|Any CPU.Build.0 = Debug|Any CPU
		{8094CCB0-9273-418F-B03D-25AB683DA88B}.Release|Any CPU.ActiveCfg = Release|Any CPU
		{8094CCB0-9273-418F-B03D-25AB683DA88B}.Release|Any CPU.Build.0 = Release|Any CPU
		{FD020BF1-9C3D-40C0-82D7-E2B920AF7D79}.Debug|Any CPU.ActiveCfg = Debug|Any CPU
		{FD020BF1-9C3D-40C0-82D7-E2B920AF7D79}.Debug|Any CPU.Build.0 = Debug|Any CPU
		{FD020BF1-9C3D-40C0-82D7-E2B920AF7D79}.Release|Any CPU.ActiveCfg = Release|Any CPU
		{FD020BF1-9C3D-40C0-82D7-E2B920AF7D79}.Release|Any CPU.Build.0 = Release|Any CPU
		{A9766484-7A5C-4B94-83E3-004EEA8DDF2E}.Debug|Any CPU.ActiveCfg = Debug|Any CPU
		{A9766484-7A5C-4B94-83E3-004EEA8DDF2E}.Debug|Any CPU.Build.0 = Debug|Any CPU
		{A9766484-7A5C-4B94-83E3-004EEA8DDF2E}.Release|Any CPU.ActiveCfg = Release|Any CPU
		{A9766484-7A5C-4B94-83E3-004EEA8DDF2E}.Release|Any CPU.Build.0 = Release|Any CPU
		{16A51D31-024A-4BB1-B22D-03452342670A}.Debug|Any CPU.ActiveCfg = Debug|Any CPU
		{16A51D31-024A-4BB1-B22D-03452342670A}.Debug|Any CPU.Build.0 = Debug|Any CPU
		{16A51D31-024A-4BB1-B22D-03452342670A}.Release|Any CPU.ActiveCfg = Release|Any CPU
		{16A51D31-024A-4BB1-B22D-03452342670A}.Release|Any CPU.Build.0 = Release|Any CPU
		{8DF6AF80-BB09-4CB0-BE7A-9C472D0F8AE7}.Debug|Any CPU.ActiveCfg = Debug|Any CPU
		{8DF6AF80-BB09-4CB0-BE7A-9C472D0F8AE7}.Debug|Any CPU.Build.0 = Debug|Any CPU
		{8DF6AF80-BB09-4CB0-BE7A-9C472D0F8AE7}.Release|Any CPU.ActiveCfg = Release|Any CPU
		{8DF6AF80-BB09-4CB0-BE7A-9C472D0F8AE7}.Release|Any CPU.Build.0 = Release|Any CPU
		{CC7634C1-A5F3-4731-9015-D562E9C2227C}.Debug|Any CPU.ActiveCfg = Debug|Any CPU
		{CC7634C1-A5F3-4731-9015-D562E9C2227C}.Debug|Any CPU.Build.0 = Debug|Any CPU
		{CC7634C1-A5F3-4731-9015-D562E9C2227C}.Release|Any CPU.ActiveCfg = Release|Any CPU
		{CC7634C1-A5F3-4731-9015-D562E9C2227C}.Release|Any CPU.Build.0 = Release|Any CPU
		{5979EBC6-1BEB-4E5A-9C5F-67C2B0BAFE53}.Debug|Any CPU.ActiveCfg = Debug|Any CPU
		{5979EBC6-1BEB-4E5A-9C5F-67C2B0BAFE53}.Debug|Any CPU.Build.0 = Debug|Any CPU
		{5979EBC6-1BEB-4E5A-9C5F-67C2B0BAFE53}.Release|Any CPU.ActiveCfg = Release|Any CPU
		{5979EBC6-1BEB-4E5A-9C5F-67C2B0BAFE53}.Release|Any CPU.Build.0 = Release|Any CPU
		{1A5A146A-1AAF-4772-95CB-0F83748D33DC}.Debug|Any CPU.ActiveCfg = Debug|Any CPU
		{1A5A146A-1AAF-4772-95CB-0F83748D33DC}.Debug|Any CPU.Build.0 = Debug|Any CPU
		{1A5A146A-1AAF-4772-95CB-0F83748D33DC}.Release|Any CPU.ActiveCfg = Release|Any CPU
		{1A5A146A-1AAF-4772-95CB-0F83748D33DC}.Release|Any CPU.Build.0 = Release|Any CPU
		{AE67BB29-77FE-42FD-8562-D71E4733A350}.Debug|Any CPU.ActiveCfg = Debug|Any CPU
		{AE67BB29-77FE-42FD-8562-D71E4733A350}.Debug|Any CPU.Build.0 = Debug|Any CPU
		{AE67BB29-77FE-42FD-8562-D71E4733A350}.Release|Any CPU.ActiveCfg = Release|Any CPU
		{AE67BB29-77FE-42FD-8562-D71E4733A350}.Release|Any CPU.Build.0 = Release|Any CPU
		{08F23C9C-D245-4D3F-9C5B-9287526F846F}.Debug|Any CPU.ActiveCfg = Debug|Any CPU
		{08F23C9C-D245-4D3F-9C5B-9287526F846F}.Debug|Any CPU.Build.0 = Debug|Any CPU
		{08F23C9C-D245-4D3F-9C5B-9287526F846F}.Release|Any CPU.ActiveCfg = Release|Any CPU
		{08F23C9C-D245-4D3F-9C5B-9287526F846F}.Release|Any CPU.Build.0 = Release|Any CPU
		{5E84975B-627A-4734-A811-24CF9BE82E03}.Debug|Any CPU.ActiveCfg = Debug|Any CPU
		{5E84975B-627A-4734-A811-24CF9BE82E03}.Debug|Any CPU.Build.0 = Debug|Any CPU
		{5E84975B-627A-4734-A811-24CF9BE82E03}.Release|Any CPU.ActiveCfg = Release|Any CPU
		{5E84975B-627A-4734-A811-24CF9BE82E03}.Release|Any CPU.Build.0 = Release|Any CPU
	EndGlobalSection
EndGlobal
